// !$*UTF8*$!
{
	archiveVersion = 1;
	classes = {
	};
	objectVersion = 56;
	objects = {

/* Begin PBXBuildFile section */
		5161664C2A7177DD007C663A /* SwiftieAppApp.swift in Sources */ = {isa = PBXBuildFile; fileRef = 5161664B2A7177DD007C663A /* SwiftieAppApp.swift */; };
		5161664E2A7177DD007C663A /* Item.swift in Sources */ = {isa = PBXBuildFile; fileRef = 5161664D2A7177DD007C663A /* Item.swift */; };
		516166502A7177DD007C663A /* ContentView.swift in Sources */ = {isa = PBXBuildFile; fileRef = 5161664F2A7177DD007C663A /* ContentView.swift */; };
		516166522A7177E0007C663A /* Assets.xcassets in Resources */ = {isa = PBXBuildFile; fileRef = 516166512A7177E0007C663A /* Assets.xcassets */; };
		516166562A7177E0007C663A /* Preview Assets.xcassets in Resources */ = {isa = PBXBuildFile; fileRef = 516166552A7177E0007C663A /* Preview Assets.xcassets */; };
		516166602A7177E0007C663A /* SwiftieAppTests.swift in Sources */ = {isa = PBXBuildFile; fileRef = 5161665F2A7177E0007C663A /* SwiftieAppTests.swift */; };
		5161666A2A7177E0007C663A /* SwiftieAppUITests.swift in Sources */ = {isa = PBXBuildFile; fileRef = 516166692A7177E0007C663A /* SwiftieAppUITests.swift */; };
		5161666C2A7177E0007C663A /* SwiftieAppUITestsLaunchTests.swift in Sources */ = {isa = PBXBuildFile; fileRef = 5161666B2A7177E0007C663A /* SwiftieAppUITestsLaunchTests.swift */; };
/* End PBXBuildFile section */

/* Begin PBXContainerItemProxy section */
		5161665C2A7177E0007C663A /* PBXContainerItemProxy */ = {
			isa = PBXContainerItemProxy;
			containerPortal = 516166402A7177DD007C663A /* Project object */;
			proxyType = 1;
			remoteGlobalIDString = 516166472A7177DD007C663A;
			remoteInfo = SwiftieApp;
		};
		516166662A7177E0007C663A /* PBXContainerItemProxy */ = {
			isa = PBXContainerItemProxy;
			containerPortal = 516166402A7177DD007C663A /* Project object */;
			proxyType = 1;
			remoteGlobalIDString = 516166472A7177DD007C663A;
			remoteInfo = SwiftieApp;
		};
/* End PBXContainerItemProxy section */

/* Begin PBXFileReference section */
		516166482A7177DD007C663A /* SwiftieApp.app */ = {isa = PBXFileReference; explicitFileType = wrapper.application; includeInIndex = 0; path = SwiftieApp.app; sourceTree = BUILT_PRODUCTS_DIR; };
		5161664B2A7177DD007C663A /* SwiftieAppApp.swift */ = {isa = PBXFileReference; lastKnownFileType = sourcecode.swift; path = SwiftieAppApp.swift; sourceTree = "<group>"; };
		5161664D2A7177DD007C663A /* Item.swift */ = {isa = PBXFileReference; lastKnownFileType = sourcecode.swift; path = Item.swift; sourceTree = "<group>"; };
		5161664F2A7177DD007C663A /* ContentView.swift */ = {isa = PBXFileReference; lastKnownFileType = sourcecode.swift; path = ContentView.swift; sourceTree = "<group>"; };
		516166512A7177E0007C663A /* Assets.xcassets */ = {isa = PBXFileReference; lastKnownFileType = folder.assetcatalog; path = Assets.xcassets; sourceTree = "<group>"; };
		516166532A7177E0007C663A /* SwiftieApp.entitlements */ = {isa = PBXFileReference; lastKnownFileType = text.plist.entitlements; path = SwiftieApp.entitlements; sourceTree = "<group>"; };
		516166552A7177E0007C663A /* Preview Assets.xcassets */ = {isa = PBXFileReference; lastKnownFileType = folder.assetcatalog; path = "Preview Assets.xcassets"; sourceTree = "<group>"; };
		5161665B2A7177E0007C663A /* SwiftieAppTests.xctest */ = {isa = PBXFileReference; explicitFileType = wrapper.cfbundle; includeInIndex = 0; path = SwiftieAppTests.xctest; sourceTree = BUILT_PRODUCTS_DIR; };
		5161665F2A7177E0007C663A /* SwiftieAppTests.swift */ = {isa = PBXFileReference; lastKnownFileType = sourcecode.swift; path = SwiftieAppTests.swift; sourceTree = "<group>"; };
		516166652A7177E0007C663A /* SwiftieAppUITests.xctest */ = {isa = PBXFileReference; explicitFileType = wrapper.cfbundle; includeInIndex = 0; path = SwiftieAppUITests.xctest; sourceTree = BUILT_PRODUCTS_DIR; };
		516166692A7177E0007C663A /* SwiftieAppUITests.swift */ = {isa = PBXFileReference; lastKnownFileType = sourcecode.swift; path = SwiftieAppUITests.swift; sourceTree = "<group>"; };
		5161666B2A7177E0007C663A /* SwiftieAppUITestsLaunchTests.swift */ = {isa = PBXFileReference; lastKnownFileType = sourcecode.swift; path = SwiftieAppUITestsLaunchTests.swift; sourceTree = "<group>"; };
/* End PBXFileReference section */

/* Begin PBXFrameworksBuildPhase section */
		516166452A7177DD007C663A /* Frameworks */ = {
			isa = PBXFrameworksBuildPhase;
			buildActionMask = 2147483647;
			files = (
			);
			runOnlyForDeploymentPostprocessing = 0;
		};
		516166582A7177E0007C663A /* Frameworks */ = {
			isa = PBXFrameworksBuildPhase;
			buildActionMask = 2147483647;
			files = (
			);
			runOnlyForDeploymentPostprocessing = 0;
		};
		516166622A7177E0007C663A /* Frameworks */ = {
			isa = PBXFrameworksBuildPhase;
			buildActionMask = 2147483647;
			files = (
			);
			runOnlyForDeploymentPostprocessing = 0;
		};
/* End PBXFrameworksBuildPhase section */

/* Begin PBXGroup section */
		5161663F2A7177DD007C663A = {
			isa = PBXGroup;
			children = (
				5161664A2A7177DD007C663A /* SwiftieApp */,
				5161665E2A7177E0007C663A /* SwiftieAppTests */,
				516166682A7177E0007C663A /* SwiftieAppUITests */,
				516166492A7177DD007C663A /* Products */,
			);
			sourceTree = "<group>";
		};
		516166492A7177DD007C663A /* Products */ = {
			isa = PBXGroup;
			children = (
				516166482A7177DD007C663A /* SwiftieApp.app */,
				5161665B2A7177E0007C663A /* SwiftieAppTests.xctest */,
				516166652A7177E0007C663A /* SwiftieAppUITests.xctest */,
			);
			name = Products;
			sourceTree = "<group>";
		};
		5161664A2A7177DD007C663A /* SwiftieApp */ = {
			isa = PBXGroup;
			children = (
				5161664B2A7177DD007C663A /* SwiftieAppApp.swift */,
				5161664D2A7177DD007C663A /* Item.swift */,
				5161664F2A7177DD007C663A /* ContentView.swift */,
				516166512A7177E0007C663A /* Assets.xcassets */,
				516166532A7177E0007C663A /* SwiftieApp.entitlements */,
				516166542A7177E0007C663A /* Preview Content */,
			);
			path = SwiftieApp;
			sourceTree = "<group>";
		};
		516166542A7177E0007C663A /* Preview Content */ = {
			isa = PBXGroup;
			children = (
				516166552A7177E0007C663A /* Preview Assets.xcassets */,
			);
			path = "Preview Content";
			sourceTree = "<group>";
		};
		5161665E2A7177E0007C663A /* SwiftieAppTests */ = {
			isa = PBXGroup;
			children = (
				5161665F2A7177E0007C663A /* SwiftieAppTests.swift */,
			);
			path = SwiftieAppTests;
			sourceTree = "<group>";
		};
		516166682A7177E0007C663A /* SwiftieAppUITests */ = {
			isa = PBXGroup;
			children = (
				516166692A7177E0007C663A /* SwiftieAppUITests.swift */,
				5161666B2A7177E0007C663A /* SwiftieAppUITestsLaunchTests.swift */,
			);
			path = SwiftieAppUITests;
			sourceTree = "<group>";
		};
/* End PBXGroup section */

/* Begin PBXNativeTarget section */
		516166472A7177DD007C663A /* SwiftieApp */ = {
			isa = PBXNativeTarget;
			buildConfigurationList = 5161666F2A7177E0007C663A /* Build configuration list for PBXNativeTarget "SwiftieApp" */;
			buildPhases = (
				516166442A7177DD007C663A /* Sources */,
				516166452A7177DD007C663A /* Frameworks */,
				516166462A7177DD007C663A /* Resources */,
			);
			buildRules = (
			);
			dependencies = (
			);
			name = SwiftieApp;
			productName = SwiftieApp;
			productReference = 516166482A7177DD007C663A /* SwiftieApp.app */;
			productType = "com.apple.product-type.application";
		};
		5161665A2A7177E0007C663A /* SwiftieAppTests */ = {
			isa = PBXNativeTarget;
			buildConfigurationList = 516166722A7177E0007C663A /* Build configuration list for PBXNativeTarget "SwiftieAppTests" */;
			buildPhases = (
				516166572A7177E0007C663A /* Sources */,
				516166582A7177E0007C663A /* Frameworks */,
				516166592A7177E0007C663A /* Resources */,
			);
			buildRules = (
			);
			dependencies = (
				5161665D2A7177E0007C663A /* PBXTargetDependency */,
			);
			name = SwiftieAppTests;
			productName = SwiftieAppTests;
			productReference = 5161665B2A7177E0007C663A /* SwiftieAppTests.xctest */;
			productType = "com.apple.product-type.bundle.unit-test";
		};
		516166642A7177E0007C663A /* SwiftieAppUITests */ = {
			isa = PBXNativeTarget;
			buildConfigurationList = 516166752A7177E0007C663A /* Build configuration list for PBXNativeTarget "SwiftieAppUITests" */;
			buildPhases = (
				516166612A7177E0007C663A /* Sources */,
				516166622A7177E0007C663A /* Frameworks */,
				516166632A7177E0007C663A /* Resources */,
			);
			buildRules = (
			);
			dependencies = (
				516166672A7177E0007C663A /* PBXTargetDependency */,
			);
			name = SwiftieAppUITests;
			productName = SwiftieAppUITests;
			productReference = 516166652A7177E0007C663A /* SwiftieAppUITests.xctest */;
			productType = "com.apple.product-type.bundle.ui-testing";
		};
/* End PBXNativeTarget section */

/* Begin PBXProject section */
		516166402A7177DD007C663A /* Project object */ = {
			isa = PBXProject;
			attributes = {
				BuildIndependentTargetsInParallel = 1;
				LastSwiftUpdateCheck = 1500;
				LastUpgradeCheck = 1500;
				TargetAttributes = {
					516166472A7177DD007C663A = {
						CreatedOnToolsVersion = 15.0;
					};
					5161665A2A7177E0007C663A = {
						CreatedOnToolsVersion = 15.0;
						TestTargetID = 516166472A7177DD007C663A;
					};
					516166642A7177E0007C663A = {
						CreatedOnToolsVersion = 15.0;
						TestTargetID = 516166472A7177DD007C663A;
					};
				};
			};
			buildConfigurationList = 516166432A7177DD007C663A /* Build configuration list for PBXProject "SwiftieApp" */;
			compatibilityVersion = "Xcode 14.0";
			developmentRegion = en;
			hasScannedForEncodings = 0;
			knownRegions = (
				en,
				Base,
			);
			mainGroup = 5161663F2A7177DD007C663A;
			productRefGroup = 516166492A7177DD007C663A /* Products */;
			projectDirPath = "";
			projectRoot = "";
			targets = (
				516166472A7177DD007C663A /* SwiftieApp */,
				5161665A2A7177E0007C663A /* SwiftieAppTests */,
				516166642A7177E0007C663A /* SwiftieAppUITests */,
			);
		};
/* End PBXProject section */

/* Begin PBXResourcesBuildPhase section */
		516166462A7177DD007C663A /* Resources */ = {
			isa = PBXResourcesBuildPhase;
			buildActionMask = 2147483647;
			files = (
				516166562A7177E0007C663A /* Preview Assets.xcassets in Resources */,
				516166522A7177E0007C663A /* Assets.xcassets in Resources */,
			);
			runOnlyForDeploymentPostprocessing = 0;
		};
		516166592A7177E0007C663A /* Resources */ = {
			isa = PBXResourcesBuildPhase;
			buildActionMask = 2147483647;
			files = (
			);
			runOnlyForDeploymentPostprocessing = 0;
		};
		516166632A7177E0007C663A /* Resources */ = {
			isa = PBXResourcesBuildPhase;
			buildActionMask = 2147483647;
			files = (
			);
			runOnlyForDeploymentPostprocessing = 0;
		};
/* End PBXResourcesBuildPhase section */

/* Begin PBXSourcesBuildPhase section */
		516166442A7177DD007C663A /* Sources */ = {
			isa = PBXSourcesBuildPhase;
			buildActionMask = 2147483647;
			files = (
				5161664E2A7177DD007C663A /* Item.swift in Sources */,
				5161664C2A7177DD007C663A /* SwiftieAppApp.swift in Sources */,
				516166502A7177DD007C663A /* ContentView.swift in Sources */,
			);
			runOnlyForDeploymentPostprocessing = 0;
		};
		516166572A7177E0007C663A /* Sources */ = {
			isa = PBXSourcesBuildPhase;
			buildActionMask = 2147483647;
			files = (
				516166602A7177E0007C663A /* SwiftieAppTests.swift in Sources */,
			);
			runOnlyForDeploymentPostprocessing = 0;
		};
		516166612A7177E0007C663A /* Sources */ = {
			isa = PBXSourcesBuildPhase;
			buildActionMask = 2147483647;
			files = (
				5161666C2A7177E0007C663A /* SwiftieAppUITestsLaunchTests.swift in Sources */,
				5161666A2A7177E0007C663A /* SwiftieAppUITests.swift in Sources */,
			);
			runOnlyForDeploymentPostprocessing = 0;
		};
/* End PBXSourcesBuildPhase section */

/* Begin PBXTargetDependency section */
		5161665D2A7177E0007C663A /* PBXTargetDependency */ = {
			isa = PBXTargetDependency;
			target = 516166472A7177DD007C663A /* SwiftieApp */;
			targetProxy = 5161665C2A7177E0007C663A /* PBXContainerItemProxy */;
		};
		516166672A7177E0007C663A /* PBXTargetDependency */ = {
			isa = PBXTargetDependency;
			target = 516166472A7177DD007C663A /* SwiftieApp */;
			targetProxy = 516166662A7177E0007C663A /* PBXContainerItemProxy */;
		};
/* End PBXTargetDependency section */

/* Begin XCBuildConfiguration section */
		5161666D2A7177E0007C663A /* Debug */ = {
			isa = XCBuildConfiguration;
			buildSettings = {
				ALWAYS_SEARCH_USER_PATHS = NO;
				ASSETCATALOG_COMPILER_GENERATE_SWIFT_ASSET_SYMBOL_EXTENSIONS = YES;
				CLANG_ANALYZER_NONNULL = YES;
				CLANG_ANALYZER_NUMBER_OBJECT_CONVERSION = YES_AGGRESSIVE;
				CLANG_CXX_LANGUAGE_STANDARD = "gnu++20";
				CLANG_ENABLE_MODULES = YES;
				CLANG_ENABLE_OBJC_ARC = YES;
				CLANG_ENABLE_OBJC_WEAK = YES;
				CLANG_WARN_BLOCK_CAPTURE_AUTORELEASING = YES;
				CLANG_WARN_BOOL_CONVERSION = YES;
				CLANG_WARN_COMMA = YES;
				CLANG_WARN_CONSTANT_CONVERSION = YES;
				CLANG_WARN_DEPRECATED_OBJC_IMPLEMENTATIONS = YES;
				CLANG_WARN_DIRECT_OBJC_ISA_USAGE = YES_ERROR;
				CLANG_WARN_DOCUMENTATION_COMMENTS = YES;
				CLANG_WARN_EMPTY_BODY = YES;
				CLANG_WARN_ENUM_CONVERSION = YES;
				CLANG_WARN_INFINITE_RECURSION = YES;
				CLANG_WARN_INT_CONVERSION = YES;
				CLANG_WARN_NON_LITERAL_NULL_CONVERSION = YES;
				CLANG_WARN_OBJC_IMPLICIT_RETAIN_SELF = YES;
				CLANG_WARN_OBJC_LITERAL_CONVERSION = YES;
				CLANG_WARN_OBJC_ROOT_CLASS = YES_ERROR;
				CLANG_WARN_QUOTED_INCLUDE_IN_FRAMEWORK_HEADER = YES;
				CLANG_WARN_RANGE_LOOP_ANALYSIS = YES;
				CLANG_WARN_STRICT_PROTOTYPES = YES;
				CLANG_WARN_SUSPICIOUS_MOVE = YES;
				CLANG_WARN_UNGUARDED_AVAILABILITY = YES_AGGRESSIVE;
				CLANG_WARN_UNREACHABLE_CODE = YES;
				CLANG_WARN__DUPLICATE_METHOD_MATCH = YES;
				COPY_PHASE_STRIP = NO;
				DEBUG_INFORMATION_FORMAT = dwarf;
				ENABLE_STRICT_OBJC_MSGSEND = YES;
				ENABLE_TESTABILITY = YES;
				ENABLE_USER_SCRIPT_SANDBOXING = YES;
				GCC_C_LANGUAGE_STANDARD = gnu17;
				GCC_DYNAMIC_NO_PIC = NO;
				GCC_NO_COMMON_BLOCKS = YES;
				GCC_OPTIMIZATION_LEVEL = 0;
				GCC_PREPROCESSOR_DEFINITIONS = (
					"DEBUG=1",
					"$(inherited)",
				);
				GCC_WARN_64_TO_32_BIT_CONVERSION = YES;
				GCC_WARN_ABOUT_RETURN_TYPE = YES_ERROR;
				GCC_WARN_UNDECLARED_SELECTOR = YES;
				GCC_WARN_UNINITIALIZED_AUTOS = YES_AGGRESSIVE;
				GCC_WARN_UNUSED_FUNCTION = YES;
				GCC_WARN_UNUSED_VARIABLE = YES;
				LOCALIZATION_PREFERS_STRING_CATALOGS = YES;
				MTL_ENABLE_DEBUG_INFO = INCLUDE_SOURCE;
				MTL_FAST_MATH = YES;
				ONLY_ACTIVE_ARCH = YES;
				SWIFT_ACTIVE_COMPILATION_CONDITIONS = "DEBUG $(inherited)";
				SWIFT_OPTIMIZATION_LEVEL = "-Onone";
			};
			name = Debug;
		};
		5161666E2A7177E0007C663A /* Release */ = {
			isa = XCBuildConfiguration;
			buildSettings = {
				ALWAYS_SEARCH_USER_PATHS = NO;
				ASSETCATALOG_COMPILER_GENERATE_SWIFT_ASSET_SYMBOL_EXTENSIONS = YES;
				CLANG_ANALYZER_NONNULL = YES;
				CLANG_ANALYZER_NUMBER_OBJECT_CONVERSION = YES_AGGRESSIVE;
				CLANG_CXX_LANGUAGE_STANDARD = "gnu++20";
				CLANG_ENABLE_MODULES = YES;
				CLANG_ENABLE_OBJC_ARC = YES;
				CLANG_ENABLE_OBJC_WEAK = YES;
				CLANG_WARN_BLOCK_CAPTURE_AUTORELEASING = YES;
				CLANG_WARN_BOOL_CONVERSION = YES;
				CLANG_WARN_COMMA = YES;
				CLANG_WARN_CONSTANT_CONVERSION = YES;
				CLANG_WARN_DEPRECATED_OBJC_IMPLEMENTATIONS = YES;
				CLANG_WARN_DIRECT_OBJC_ISA_USAGE = YES_ERROR;
				CLANG_WARN_DOCUMENTATION_COMMENTS = YES;
				CLANG_WARN_EMPTY_BODY = YES;
				CLANG_WARN_ENUM_CONVERSION = YES;
				CLANG_WARN_INFINITE_RECURSION = YES;
				CLANG_WARN_INT_CONVERSION = YES;
				CLANG_WARN_NON_LITERAL_NULL_CONVERSION = YES;
				CLANG_WARN_OBJC_IMPLICIT_RETAIN_SELF = YES;
				CLANG_WARN_OBJC_LITERAL_CONVERSION = YES;
				CLANG_WARN_OBJC_ROOT_CLASS = YES_ERROR;
				CLANG_WARN_QUOTED_INCLUDE_IN_FRAMEWORK_HEADER = YES;
				CLANG_WARN_RANGE_LOOP_ANALYSIS = YES;
				CLANG_WARN_STRICT_PROTOTYPES = YES;
				CLANG_WARN_SUSPICIOUS_MOVE = YES;
				CLANG_WARN_UNGUARDED_AVAILABILITY = YES_AGGRESSIVE;
				CLANG_WARN_UNREACHABLE_CODE = YES;
				CLANG_WARN__DUPLICATE_METHOD_MATCH = YES;
				COPY_PHASE_STRIP = NO;
				DEBUG_INFORMATION_FORMAT = "dwarf-with-dsym";
				ENABLE_NS_ASSERTIONS = NO;
				ENABLE_STRICT_OBJC_MSGSEND = YES;
				ENABLE_USER_SCRIPT_SANDBOXING = YES;
				GCC_C_LANGUAGE_STANDARD = gnu17;
				GCC_NO_COMMON_BLOCKS = YES;
				GCC_WARN_64_TO_32_BIT_CONVERSION = YES;
				GCC_WARN_ABOUT_RETURN_TYPE = YES_ERROR;
				GCC_WARN_UNDECLARED_SELECTOR = YES;
				GCC_WARN_UNINITIALIZED_AUTOS = YES_AGGRESSIVE;
				GCC_WARN_UNUSED_FUNCTION = YES;
				GCC_WARN_UNUSED_VARIABLE = YES;
				LOCALIZATION_PREFERS_STRING_CATALOGS = YES;
				MTL_ENABLE_DEBUG_INFO = NO;
				MTL_FAST_MATH = YES;
				SWIFT_COMPILATION_MODE = wholemodule;
			};
			name = Release;
		};
		516166702A7177E0007C663A /* Debug */ = {
			isa = XCBuildConfiguration;
			buildSettings = {
				ASSETCATALOG_COMPILER_APPICON_NAME = AppIcon;
				ASSETCATALOG_COMPILER_GLOBAL_ACCENT_COLOR_NAME = AccentColor;
				CODE_SIGN_ENTITLEMENTS = SwiftieApp/SwiftieApp.entitlements;
				CODE_SIGN_STYLE = Automatic;
				CURRENT_PROJECT_VERSION = 1;
				DEVELOPMENT_ASSET_PATHS = "\"SwiftieApp/Preview Content\"";
				DEVELOPMENT_TEAM = B8J394Q4M8;
				ENABLE_HARDENED_RUNTIME = YES;
				ENABLE_PREVIEWS = YES;
				GENERATE_INFOPLIST_FILE = YES;
				"INFOPLIST_KEY_UIApplicationSceneManifest_Generation[sdk=iphoneos*]" = YES;
				"INFOPLIST_KEY_UIApplicationSceneManifest_Generation[sdk=iphonesimulator*]" = YES;
				"INFOPLIST_KEY_UIApplicationSupportsIndirectInputEvents[sdk=iphoneos*]" = YES;
				"INFOPLIST_KEY_UIApplicationSupportsIndirectInputEvents[sdk=iphonesimulator*]" = YES;
				"INFOPLIST_KEY_UILaunchScreen_Generation[sdk=iphoneos*]" = YES;
				"INFOPLIST_KEY_UILaunchScreen_Generation[sdk=iphonesimulator*]" = YES;
				"INFOPLIST_KEY_UIStatusBarStyle[sdk=iphoneos*]" = UIStatusBarStyleDefault;
				"INFOPLIST_KEY_UIStatusBarStyle[sdk=iphonesimulator*]" = UIStatusBarStyleDefault;
				INFOPLIST_KEY_UISupportedInterfaceOrientations_iPad = "UIInterfaceOrientationPortrait UIInterfaceOrientationPortraitUpsideDown UIInterfaceOrientationLandscapeLeft UIInterfaceOrientationLandscapeRight";
				INFOPLIST_KEY_UISupportedInterfaceOrientations_iPhone = "UIInterfaceOrientationPortrait UIInterfaceOrientationLandscapeLeft UIInterfaceOrientationLandscapeRight";
				IPHONEOS_DEPLOYMENT_TARGET = 17.0;
				LD_RUNPATH_SEARCH_PATHS = "@executable_path/Frameworks";
				"LD_RUNPATH_SEARCH_PATHS[sdk=macosx*]" = "@executable_path/../Frameworks";
				MACOSX_DEPLOYMENT_TARGET = 14.0;
				MARKETING_VERSION = 1.0;
				PRODUCT_BUNDLE_IDENTIFIER = com.KudeKube.SwiftieApp;
				PRODUCT_NAME = "$(TARGET_NAME)";
				SDKROOT = auto;
				SUPPORTED_PLATFORMS = "iphoneos iphonesimulator macosx";
				SWIFT_EMIT_LOC_STRINGS = YES;
				SWIFT_VERSION = 5.0;
				TARGETED_DEVICE_FAMILY = "1,2";
			};
			name = Debug;
		};
		516166712A7177E0007C663A /* Release */ = {
			isa = XCBuildConfiguration;
			buildSettings = {
				ASSETCATALOG_COMPILER_APPICON_NAME = AppIcon;
				ASSETCATALOG_COMPILER_GLOBAL_ACCENT_COLOR_NAME = AccentColor;
				CODE_SIGN_ENTITLEMENTS = SwiftieApp/SwiftieApp.entitlements;
				CODE_SIGN_STYLE = Automatic;
				CURRENT_PROJECT_VERSION = 1;
				DEVELOPMENT_ASSET_PATHS = "\"SwiftieApp/Preview Content\"";
				DEVELOPMENT_TEAM = B8J394Q4M8;
				ENABLE_HARDENED_RUNTIME = YES;
				ENABLE_PREVIEWS = YES;
				GENERATE_INFOPLIST_FILE = YES;
				"INFOPLIST_KEY_UIApplicationSceneManifest_Generation[sdk=iphoneos*]" = YES;
				"INFOPLIST_KEY_UIApplicationSceneManifest_Generation[sdk=iphonesimulator*]" = YES;
				"INFOPLIST_KEY_UIApplicationSupportsIndirectInputEvents[sdk=iphoneos*]" = YES;
				"INFOPLIST_KEY_UIApplicationSupportsIndirectInputEvents[sdk=iphonesimulator*]" = YES;
				"INFOPLIST_KEY_UILaunchScreen_Generation[sdk=iphoneos*]" = YES;
				"INFOPLIST_KEY_UILaunchScreen_Generation[sdk=iphonesimulator*]" = YES;
				"INFOPLIST_KEY_UIStatusBarStyle[sdk=iphoneos*]" = UIStatusBarStyleDefault;
				"INFOPLIST_KEY_UIStatusBarStyle[sdk=iphonesimulator*]" = UIStatusBarStyleDefault;
				INFOPLIST_KEY_UISupportedInterfaceOrientations_iPad = "UIInterfaceOrientationPortrait UIInterfaceOrientationPortraitUpsideDown UIInterfaceOrientationLandscapeLeft UIInterfaceOrientationLandscapeRight";
				INFOPLIST_KEY_UISupportedInterfaceOrientations_iPhone = "UIInterfaceOrientationPortrait UIInterfaceOrientationLandscapeLeft UIInterfaceOrientationLandscapeRight";
				IPHONEOS_DEPLOYMENT_TARGET = 17.0;
				LD_RUNPATH_SEARCH_PATHS = "@executable_path/Frameworks";
				"LD_RUNPATH_SEARCH_PATHS[sdk=macosx*]" = "@executable_path/../Frameworks";
				MACOSX_DEPLOYMENT_TARGET = 14.0;
				MARKETING_VERSION = 1.0;
				PRODUCT_BUNDLE_IDENTIFIER = com.KudeKube.SwiftieApp;
				PRODUCT_NAME = "$(TARGET_NAME)";
				SDKROOT = auto;
				SUPPORTED_PLATFORMS = "iphoneos iphonesimulator macosx";
				SWIFT_EMIT_LOC_STRINGS = YES;
				SWIFT_VERSION = 5.0;
				TARGETED_DEVICE_FAMILY = "1,2";
			};
			name = Release;
		};
		516166732A7177E0007C663A /* Debug */ = {
			isa = XCBuildConfiguration;
			buildSettings = {
				ALWAYS_EMBED_SWIFT_STANDARD_LIBRARIES = YES;
				BUNDLE_LOADER = "$(TEST_HOST)";
				CODE_SIGN_STYLE = Automatic;
				CURRENT_PROJECT_VERSION = 1;
				DEVELOPMENT_TEAM = B8J394Q4M8;
				GENERATE_INFOPLIST_FILE = YES;
				IPHONEOS_DEPLOYMENT_TARGET = 17.0;
				MACOSX_DEPLOYMENT_TARGET = 14.0;
				MARKETING_VERSION = 1.0;
				PRODUCT_BUNDLE_IDENTIFIER = com.KudeKube.SwiftieAppTests;
				PRODUCT_NAME = "$(TARGET_NAME)";
				SDKROOT = auto;
				SUPPORTED_PLATFORMS = "iphoneos iphonesimulator macosx";
				SWIFT_EMIT_LOC_STRINGS = NO;
				SWIFT_VERSION = 5.0;
				TARGETED_DEVICE_FAMILY = "1,2";
				TEST_HOST = "$(BUILT_PRODUCTS_DIR)/SwiftieApp.app/$(BUNDLE_EXECUTABLE_FOLDER_PATH)/SwiftieApp";
			};
			name = Debug;
		};
		516166742A7177E0007C663A /* Release */ = {
			isa = XCBuildConfiguration;
			buildSettings = {
				ALWAYS_EMBED_SWIFT_STANDARD_LIBRARIES = YES;
				BUNDLE_LOADER = "$(TEST_HOST)";
				CODE_SIGN_STYLE = Automatic;
				CURRENT_PROJECT_VERSION = 1;
				DEVELOPMENT_TEAM = B8J394Q4M8;
				GENERATE_INFOPLIST_FILE = YES;
				IPHONEOS_DEPLOYMENT_TARGET = 17.0;
				MACOSX_DEPLOYMENT_TARGET = 14.0;
				MARKETING_VERSION = 1.0;
				PRODUCT_BUNDLE_IDENTIFIER = com.KudeKube.SwiftieAppTests;
				PRODUCT_NAME = "$(TARGET_NAME)";
				SDKROOT = auto;
				SUPPORTED_PLATFORMS = "iphoneos iphonesimulator macosx";
				SWIFT_EMIT_LOC_STRINGS = NO;
				SWIFT_VERSION = 5.0;
				TARGETED_DEVICE_FAMILY = "1,2";
				TEST_HOST = "$(BUILT_PRODUCTS_DIR)/SwiftieApp.app/$(BUNDLE_EXECUTABLE_FOLDER_PATH)/SwiftieApp";
			};
			name = Release;
		};
		516166762A7177E0007C663A /* Debug */ = {
			isa = XCBuildConfiguration;
			buildSettings = {
				ALWAYS_EMBED_SWIFT_STANDARD_LIBRARIES = YES;
				CODE_SIGN_STYLE = Automatic;
				CURRENT_PROJECT_VERSION = 1;
				DEVELOPMENT_TEAM = B8J394Q4M8;
				GENERATE_INFOPLIST_FILE = YES;
				IPHONEOS_DEPLOYMENT_TARGET = 17.0;
				MACOSX_DEPLOYMENT_TARGET = 14.0;
				MARKETING_VERSION = 1.0;
				PRODUCT_BUNDLE_IDENTIFIER = com.KudeKube.SwiftieAppUITests;
				PRODUCT_NAME = "$(TARGET_NAME)";
				SDKROOT = auto;
				SUPPORTED_PLATFORMS = "iphoneos iphonesimulator macosx";
				SWIFT_EMIT_LOC_STRINGS = NO;
				SWIFT_VERSION = 5.0;
				TARGETED_DEVICE_FAMILY = "1,2";
				TEST_TARGET_NAME = SwiftieApp;
			};
			name = Debug;
		};
		516166772A7177E0007C663A /* Release */ = {
			isa = XCBuildConfiguration;
			buildSettings = {
				ALWAYS_EMBED_SWIFT_STANDARD_LIBRARIES = YES;
				CODE_SIGN_STYLE = Automatic;
				CURRENT_PROJECT_VERSION = 1;
				DEVELOPMENT_TEAM = B8J394Q4M8;
				GENERATE_INFOPLIST_FILE = YES;
				IPHONEOS_DEPLOYMENT_TARGET = 17.0;
				MACOSX_DEPLOYMENT_TARGET = 14.0;
				MARKETING_VERSION = 1.0;
				PRODUCT_BUNDLE_IDENTIFIER = com.KudeKube.SwiftieAppUITests;
				PRODUCT_NAME = "$(TARGET_NAME)";
				SDKROOT = auto;
				SUPPORTED_PLATFORMS = "iphoneos iphonesimulator macosx";
				SWIFT_EMIT_LOC_STRINGS = NO;
				SWIFT_VERSION = 5.0;
				TARGETED_DEVICE_FAMILY = "1,2";
				TEST_TARGET_NAME = SwiftieApp;
			};
			name = Release;
		};
/* End XCBuildConfiguration section */

/* Begin XCConfigurationList section */
		516166432A7177DD007C663A /* Build configuration list for PBXProject "SwiftieApp" */ = {
			isa = XCConfigurationList;
			buildConfigurations = (
				5161666D2A7177E0007C663A /* Debug */,
				5161666E2A7177E0007C663A /* Release */,
			);
			defaultConfigurationIsVisible = 0;
			defaultConfigurationName = Release;
		};
		5161666F2A7177E0007C663A /* Build configuration list for PBXNativeTarget "SwiftieApp" */ = {
			isa = XCConfigurationList;
			buildConfigurations = (
				516166702A7177E0007C663A /* Debug */,
				516166712A7177E0007C663A /* Release */,
			);
			defaultConfigurationIsVisible = 0;
			defaultConfigurationName = Release;
		};
		516166722A7177E0007C663A /* Build configuration list for PBXNativeTarget "SwiftieAppTests" */ = {
			isa = XCConfigurationList;
			buildConfigurations = (
				516166732A7177E0007C663A /* Debug */,
				516166742A7177E0007C663A /* Release */,
			);
			defaultConfigurationIsVisible = 0;
			defaultConfigurationName = Release;
		};
		516166752A7177E0007C663A /* Build configuration list for PBXNativeTarget "SwiftieAppUITests" */ = {
			isa = XCConfigurationList;
			buildConfigurations = (
				516166762A7177E0007C663A /* Debug */,
				516166772A7177E0007C663A /* Release */,
			);
			defaultConfigurationIsVisible = 0;
			defaultConfigurationName = Release;
		};
/* End XCConfigurationList section */
	};
	rootObject = 516166402A7177DD007C663A /* Project object */;
}
